// !$*UTF8*$!
{
	archiveVersion = 1;
	classes = {
	};
	objectVersion = 50;
	objects = {

/* Begin PBXBuildFile section */
		C3366E9924938F6E0040C86C /* DokuPaySdk.framework in Frameworks */ = {isa = PBXBuildFile; fileRef = C3366E8F24938F6E0040C86C /* DokuPaySdk.framework */; };
		C3366E9E24938F6E0040C86C /* DokuPaySdkTests.m in Sources */ = {isa = PBXBuildFile; fileRef = C3366E9D24938F6E0040C86C /* DokuPaySdkTests.m */; };
		C3366EA024938F6E0040C86C /* DokuPaySdk.h in Headers */ = {isa = PBXBuildFile; fileRef = C3366E9224938F6E0040C86C /* DokuPaySdk.h */; settings = {ATTRIBUTES = (Public, ); }; };
		C3366EF2249390D40040C86C /* MandiriVaViewController.h in Headers */ = {isa = PBXBuildFile; fileRef = C3366EF0249390D40040C86C /* MandiriVaViewController.h */; };
		C3366EF3249390D40040C86C /* MandiriVaViewController.m in Sources */ = {isa = PBXBuildFile; fileRef = C3366EF1249390D40040C86C /* MandiriVaViewController.m */; };
		C3366EF7249390F10040C86C /* MandiriSyariahVaViewController.h in Headers */ = {isa = PBXBuildFile; fileRef = C3366EF5249390F10040C86C /* MandiriSyariahVaViewController.h */; };
		C3366EF8249390F10040C86C /* MandiriSyariahVaViewController.m in Sources */ = {isa = PBXBuildFile; fileRef = C3366EF6249390F10040C86C /* MandiriSyariahVaViewController.m */; };
		C3750C6424971B4800A34F6B /* MandiriSyariahVaInteractor.h in Headers */ = {isa = PBXBuildFile; fileRef = C3750C6224971B4800A34F6B /* MandiriSyariahVaInteractor.h */; };
		C3750C6524971B4800A34F6B /* MandiriSyariahVaInteractor.m in Sources */ = {isa = PBXBuildFile; fileRef = C3750C6324971B4800A34F6B /* MandiriSyariahVaInteractor.m */; };
		C3750C6824971B5F00A34F6B /* MandiriSyariahVaPresenter.h in Headers */ = {isa = PBXBuildFile; fileRef = C3750C6624971B5F00A34F6B /* MandiriSyariahVaPresenter.h */; };
		C3750C6924971B5F00A34F6B /* MandiriSyariahVaPresenter.m in Sources */ = {isa = PBXBuildFile; fileRef = C3750C6724971B5F00A34F6B /* MandiriSyariahVaPresenter.m */; };
		C3750C71249739AE00A34F6B /* MandiriSyariahVaRouter.h in Headers */ = {isa = PBXBuildFile; fileRef = C3750C6F249739AE00A34F6B /* MandiriSyariahVaRouter.h */; };
		C3750C72249739AE00A34F6B /* MandiriSyariahVaRouter.m in Sources */ = {isa = PBXBuildFile; fileRef = C3750C70249739AE00A34F6B /* MandiriSyariahVaRouter.m */; };
		C3750C742497745400A34F6B /* DokuPaySdk.m in Sources */ = {isa = PBXBuildFile; fileRef = C3750C732497745400A34F6B /* DokuPaySdk.m */; };
		C384DE942494BD9200EE124F /* MandiriSyariahStoryboard.storyboard in Resources */ = {isa = PBXBuildFile; fileRef = C384DE932494BD9200EE124F /* MandiriSyariahStoryboard.storyboard */; };
		C384DE962494BE5200EE124F /* MandiriStoryboard.storyboard in Resources */ = {isa = PBXBuildFile; fileRef = C384DE952494BE5200EE124F /* MandiriStoryboard.storyboard */; };
		C384DE9E2494C8FE00EE124F /* MandiriVaPresenter.h in Headers */ = {isa = PBXBuildFile; fileRef = C384DE9C2494C8FE00EE124F /* MandiriVaPresenter.h */; };
		C384DE9F2494C8FE00EE124F /* MandiriVaPresenter.m in Sources */ = {isa = PBXBuildFile; fileRef = C384DE9D2494C8FE00EE124F /* MandiriVaPresenter.m */; };
		C384DEA824958D8D00EE124F /* MandiriVaRouter.h in Headers */ = {isa = PBXBuildFile; fileRef = C384DEA624958D8D00EE124F /* MandiriVaRouter.h */; };
		C384DEA924958D8D00EE124F /* MandiriVaRouter.m in Sources */ = {isa = PBXBuildFile; fileRef = C384DEA724958D8D00EE124F /* MandiriVaRouter.m */; };
		C384DEAC24958F6700EE124F /* MandiriVaInteractor.h in Headers */ = {isa = PBXBuildFile; fileRef = C384DEAA24958F6700EE124F /* MandiriVaInteractor.h */; };
		C384DEAD24958F6700EE124F /* MandiriVaInteractor.m in Sources */ = {isa = PBXBuildFile; fileRef = C384DEAB24958F6700EE124F /* MandiriVaInteractor.m */; };
/* End PBXBuildFile section */

/* Begin PBXContainerItemProxy section */
		C3366E9A24938F6E0040C86C /* PBXContainerItemProxy */ = {
			isa = PBXContainerItemProxy;
			containerPortal = C3366E8624938F6E0040C86C /* Project object */;
			proxyType = 1;
			remoteGlobalIDString = C3366E8E24938F6E0040C86C;
			remoteInfo = DokuPaySdk;
		};
/* End PBXContainerItemProxy section */

/* Begin PBXFileReference section */
		C3366E8F24938F6E0040C86C /* DokuPaySdk.framework */ = {isa = PBXFileReference; explicitFileType = wrapper.framework; includeInIndex = 0; path = DokuPaySdk.framework; sourceTree = BUILT_PRODUCTS_DIR; };
		C3366E9224938F6E0040C86C /* DokuPaySdk.h */ = {isa = PBXFileReference; lastKnownFileType = sourcecode.c.h; path = DokuPaySdk.h; sourceTree = "<group>"; };
		C3366E9324938F6E0040C86C /* Info.plist */ = {isa = PBXFileReference; lastKnownFileType = text.plist.xml; path = Info.plist; sourceTree = "<group>"; };
		C3366E9824938F6E0040C86C /* DokuPaySdkTests.xctest */ = {isa = PBXFileReference; explicitFileType = wrapper.cfbundle; includeInIndex = 0; path = DokuPaySdkTests.xctest; sourceTree = BUILT_PRODUCTS_DIR; };
		C3366E9D24938F6E0040C86C /* DokuPaySdkTests.m */ = {isa = PBXFileReference; lastKnownFileType = sourcecode.c.objc; path = DokuPaySdkTests.m; sourceTree = "<group>"; };
		C3366E9F24938F6E0040C86C /* Info.plist */ = {isa = PBXFileReference; lastKnownFileType = text.plist.xml; path = Info.plist; sourceTree = "<group>"; };
		C3366EF0249390D40040C86C /* MandiriVaViewController.h */ = {isa = PBXFileReference; lastKnownFileType = sourcecode.c.h; path = MandiriVaViewController.h; sourceTree = "<group>"; };
		C3366EF1249390D40040C86C /* MandiriVaViewController.m */ = {isa = PBXFileReference; lastKnownFileType = sourcecode.c.objc; path = MandiriVaViewController.m; sourceTree = "<group>"; };
		C3366EF5249390F10040C86C /* MandiriSyariahVaViewController.h */ = {isa = PBXFileReference; lastKnownFileType = sourcecode.c.h; path = MandiriSyariahVaViewController.h; sourceTree = "<group>"; };
		C3366EF6249390F10040C86C /* MandiriSyariahVaViewController.m */ = {isa = PBXFileReference; lastKnownFileType = sourcecode.c.objc; path = MandiriSyariahVaViewController.m; sourceTree = "<group>"; };
		C3750C6224971B4800A34F6B /* MandiriSyariahVaInteractor.h */ = {isa = PBXFileReference; lastKnownFileType = sourcecode.c.h; path = MandiriSyariahVaInteractor.h; sourceTree = "<group>"; };
		C3750C6324971B4800A34F6B /* MandiriSyariahVaInteractor.m */ = {isa = PBXFileReference; lastKnownFileType = sourcecode.c.objc; path = MandiriSyariahVaInteractor.m; sourceTree = "<group>"; };
		C3750C6624971B5F00A34F6B /* MandiriSyariahVaPresenter.h */ = {isa = PBXFileReference; lastKnownFileType = sourcecode.c.h; path = MandiriSyariahVaPresenter.h; sourceTree = "<group>"; };
		C3750C6724971B5F00A34F6B /* MandiriSyariahVaPresenter.m */ = {isa = PBXFileReference; lastKnownFileType = sourcecode.c.objc; path = MandiriSyariahVaPresenter.m; sourceTree = "<group>"; };
		C3750C6E24971B8800A34F6B /* MandiriSyariahVaContract.h */ = {isa = PBXFileReference; lastKnownFileType = sourcecode.c.h; path = MandiriSyariahVaContract.h; sourceTree = "<group>"; };
		C3750C6F249739AE00A34F6B /* MandiriSyariahVaRouter.h */ = {isa = PBXFileReference; lastKnownFileType = sourcecode.c.h; path = MandiriSyariahVaRouter.h; sourceTree = "<group>"; };
		C3750C70249739AE00A34F6B /* MandiriSyariahVaRouter.m */ = {isa = PBXFileReference; lastKnownFileType = sourcecode.c.objc; path = MandiriSyariahVaRouter.m; sourceTree = "<group>"; };
		C3750C732497745400A34F6B /* DokuPaySdk.m */ = {isa = PBXFileReference; lastKnownFileType = sourcecode.c.objc; path = DokuPaySdk.m; sourceTree = "<group>"; };
		C384DE932494BD9200EE124F /* MandiriSyariahStoryboard.storyboard */ = {isa = PBXFileReference; lastKnownFileType = file.storyboard; path = MandiriSyariahStoryboard.storyboard; sourceTree = "<group>"; };
		C384DE952494BE5200EE124F /* MandiriStoryboard.storyboard */ = {isa = PBXFileReference; lastKnownFileType = file.storyboard; path = MandiriStoryboard.storyboard; sourceTree = "<group>"; };
		C384DE9B2494C83C00EE124F /* MandiriVaContract.h */ = {isa = PBXFileReference; lastKnownFileType = sourcecode.c.h; path = MandiriVaContract.h; sourceTree = "<group>"; };
		C384DE9C2494C8FE00EE124F /* MandiriVaPresenter.h */ = {isa = PBXFileReference; lastKnownFileType = sourcecode.c.h; path = MandiriVaPresenter.h; sourceTree = "<group>"; };
		C384DE9D2494C8FE00EE124F /* MandiriVaPresenter.m */ = {isa = PBXFileReference; lastKnownFileType = sourcecode.c.objc; path = MandiriVaPresenter.m; sourceTree = "<group>"; };
		C384DEA624958D8D00EE124F /* MandiriVaRouter.h */ = {isa = PBXFileReference; lastKnownFileType = sourcecode.c.h; path = MandiriVaRouter.h; sourceTree = "<group>"; };
		C384DEA724958D8D00EE124F /* MandiriVaRouter.m */ = {isa = PBXFileReference; lastKnownFileType = sourcecode.c.objc; path = MandiriVaRouter.m; sourceTree = "<group>"; };
		C384DEAA24958F6700EE124F /* MandiriVaInteractor.h */ = {isa = PBXFileReference; lastKnownFileType = sourcecode.c.h; path = MandiriVaInteractor.h; sourceTree = "<group>"; };
		C384DEAB24958F6700EE124F /* MandiriVaInteractor.m */ = {isa = PBXFileReference; lastKnownFileType = sourcecode.c.objc; path = MandiriVaInteractor.m; sourceTree = "<group>"; };
/* End PBXFileReference section */

/* Begin PBXFrameworksBuildPhase section */
		C3366E8C24938F6E0040C86C /* Frameworks */ = {
			isa = PBXFrameworksBuildPhase;
			buildActionMask = 2147483647;
			files = (
			);
			runOnlyForDeploymentPostprocessing = 0;
		};
		C3366E9524938F6E0040C86C /* Frameworks */ = {
			isa = PBXFrameworksBuildPhase;
			buildActionMask = 2147483647;
			files = (
				C3366E9924938F6E0040C86C /* DokuPaySdk.framework in Frameworks */,
			);
			runOnlyForDeploymentPostprocessing = 0;
		};
/* End PBXFrameworksBuildPhase section */

/* Begin PBXGroup section */
		C3366E8524938F6E0040C86C = {
			isa = PBXGroup;
			children = (
				C3366E9124938F6E0040C86C /* DokuPaySdk */,
				C3366E9C24938F6E0040C86C /* DokuPaySdkTests */,
				C3366E9024938F6E0040C86C /* Products */,
			);
			sourceTree = "<group>";
		};
		C3366E9024938F6E0040C86C /* Products */ = {
			isa = PBXGroup;
			children = (
				C3366E8F24938F6E0040C86C /* DokuPaySdk.framework */,
				C3366E9824938F6E0040C86C /* DokuPaySdkTests.xctest */,
			);
			name = Products;
			sourceTree = "<group>";
		};
		C3366E9124938F6E0040C86C /* DokuPaySdk */ = {
			isa = PBXGroup;
			children = (
				C3366EEA2493904B0040C86C /* Module */,
				C3366E9224938F6E0040C86C /* DokuPaySdk.h */,
				C3750C732497745400A34F6B /* DokuPaySdk.m */,
				C3366E9324938F6E0040C86C /* Info.plist */,
			);
			path = DokuPaySdk;
			sourceTree = "<group>";
		};
		C3366E9C24938F6E0040C86C /* DokuPaySdkTests */ = {
			isa = PBXGroup;
			children = (
				C3366E9D24938F6E0040C86C /* DokuPaySdkTests.m */,
				C3366E9F24938F6E0040C86C /* Info.plist */,
			);
			path = DokuPaySdkTests;
			sourceTree = "<group>";
		};
		C3366EEA2493904B0040C86C /* Module */ = {
			isa = PBXGroup;
			children = (
				C3366EEB2493906F0040C86C /* Va */,
			);
			path = Module;
			sourceTree = "<group>";
		};
		C3366EEB2493906F0040C86C /* Va */ = {
			isa = PBXGroup;
			children = (
				C3366EEE2493909A0040C86C /* MandiriSyariah */,
				C3366EED2493908F0040C86C /* Mandiri */,
			);
			path = Va;
			sourceTree = "<group>";
		};
		C3366EED2493908F0040C86C /* Mandiri */ = {
			isa = PBXGroup;
			children = (
				C384DE9A2494C80C00EE124F /* Interactor */,
				C384DE992494C7F000EE124F /* Contract */,
				C384DE982494C7D000EE124F /* Presenter */,
				C384DE972494C79E00EE124F /* Router */,
				C3366EEF249390AE0040C86C /* View */,
			);
			path = Mandiri;
			sourceTree = "<group>";
		};
		C3366EEE2493909A0040C86C /* MandiriSyariah */ = {
			isa = PBXGroup;
			children = (
				C3750C6124971B1400A34F6B /* Router */,
				C3750C6024971B0A00A34F6B /* Presenter */,
				C3750C5F24971AFD00A34F6B /* Contract */,
				C3750C5E24971AF500A34F6B /* Interactor */,
				C3366EF4249390DB0040C86C /* View */,
			);
			path = MandiriSyariah;
			sourceTree = "<group>";
		};
		C3366EEF249390AE0040C86C /* View */ = {
			isa = PBXGroup;
			children = (
				C3366EF0249390D40040C86C /* MandiriVaViewController.h */,
				C3366EF1249390D40040C86C /* MandiriVaViewController.m */,
				C384DE952494BE5200EE124F /* MandiriStoryboard.storyboard */,
			);
			path = View;
			sourceTree = "<group>";
		};
		C3366EF4249390DB0040C86C /* View */ = {
			isa = PBXGroup;
			children = (
				C3366EF5249390F10040C86C /* MandiriSyariahVaViewController.h */,
				C3366EF6249390F10040C86C /* MandiriSyariahVaViewController.m */,
				C384DE932494BD9200EE124F /* MandiriSyariahStoryboard.storyboard */,
			);
			path = View;
			sourceTree = "<group>";
		};
		C3750C5E24971AF500A34F6B /* Interactor */ = {
			isa = PBXGroup;
			children = (
				C3750C6224971B4800A34F6B /* MandiriSyariahVaInteractor.h */,
				C3750C6324971B4800A34F6B /* MandiriSyariahVaInteractor.m */,
			);
			path = Interactor;
			sourceTree = "<group>";
		};
		C3750C5F24971AFD00A34F6B /* Contract */ = {
			isa = PBXGroup;
			children = (
				C3750C6E24971B8800A34F6B /* MandiriSyariahVaContract.h */,
			);
			path = Contract;
			sourceTree = "<group>";
		};
		C3750C6024971B0A00A34F6B /* Presenter */ = {
			isa = PBXGroup;
			children = (
				C3750C6624971B5F00A34F6B /* MandiriSyariahVaPresenter.h */,
				C3750C6724971B5F00A34F6B /* MandiriSyariahVaPresenter.m */,
			);
			path = Presenter;
			sourceTree = "<group>";
		};
		C3750C6124971B1400A34F6B /* Router */ = {
			isa = PBXGroup;
			children = (
				C3750C6F249739AE00A34F6B /* MandiriSyariahVaRouter.h */,
				C3750C70249739AE00A34F6B /* MandiriSyariahVaRouter.m */,
			);
			path = Router;
			sourceTree = "<group>";
		};
		C384DE972494C79E00EE124F /* Router */ = {
			isa = PBXGroup;
			children = (
				C384DEA624958D8D00EE124F /* MandiriVaRouter.h */,
				C384DEA724958D8D00EE124F /* MandiriVaRouter.m */,
			);
			path = Router;
			sourceTree = "<group>";
		};
		C384DE982494C7D000EE124F /* Presenter */ = {
			isa = PBXGroup;
			children = (
				C384DE9C2494C8FE00EE124F /* MandiriVaPresenter.h */,
				C384DE9D2494C8FE00EE124F /* MandiriVaPresenter.m */,
			);
			path = Presenter;
			sourceTree = "<group>";
		};
		C384DE992494C7F000EE124F /* Contract */ = {
			isa = PBXGroup;
			children = (
				C384DE9B2494C83C00EE124F /* MandiriVaContract.h */,
			);
			path = Contract;
			sourceTree = "<group>";
		};
		C384DE9A2494C80C00EE124F /* Interactor */ = {
			isa = PBXGroup;
			children = (
				C384DEAA24958F6700EE124F /* MandiriVaInteractor.h */,
				C384DEAB24958F6700EE124F /* MandiriVaInteractor.m */,
			);
			path = Interactor;
			sourceTree = "<group>";
		};
/* End PBXGroup section */

/* Begin PBXHeadersBuildPhase section */
		C3366E8A24938F6E0040C86C /* Headers */ = {
			isa = PBXHeadersBuildPhase;
			buildActionMask = 2147483647;
			files = (
				C3750C71249739AE00A34F6B /* MandiriSyariahVaRouter.h in Headers */,
				C3366EF7249390F10040C86C /* MandiriSyariahVaViewController.h in Headers */,
				C3750C6424971B4800A34F6B /* MandiriSyariahVaInteractor.h in Headers */,
				C384DE9E2494C8FE00EE124F /* MandiriVaPresenter.h in Headers */,
				C384DEA824958D8D00EE124F /* MandiriVaRouter.h in Headers */,
				C3750C6824971B5F00A34F6B /* MandiriSyariahVaPresenter.h in Headers */,
				C3366EA024938F6E0040C86C /* DokuPaySdk.h in Headers */,
				C3366EF2249390D40040C86C /* MandiriVaViewController.h in Headers */,
				C384DEAC24958F6700EE124F /* MandiriVaInteractor.h in Headers */,
			);
			runOnlyForDeploymentPostprocessing = 0;
		};
/* End PBXHeadersBuildPhase section */

/* Begin PBXNativeTarget section */
		C3366E8E24938F6E0040C86C /* DokuPaySdk */ = {
			isa = PBXNativeTarget;
			buildConfigurationList = C3366EA324938F6E0040C86C /* Build configuration list for PBXNativeTarget "DokuPaySdk" */;
			buildPhases = (
				C3366E8A24938F6E0040C86C /* Headers */,
				C3366E8B24938F6E0040C86C /* Sources */,
				C3366E8C24938F6E0040C86C /* Frameworks */,
				C3366E8D24938F6E0040C86C /* Resources */,
			);
			buildRules = (
			);
			dependencies = (
			);
			name = DokuPaySdk;
			productName = DokuPaySdk;
			productReference = C3366E8F24938F6E0040C86C /* DokuPaySdk.framework */;
			productType = "com.apple.product-type.framework";
		};
		C3366E9724938F6E0040C86C /* DokuPaySdkTests */ = {
			isa = PBXNativeTarget;
			buildConfigurationList = C3366EA624938F6E0040C86C /* Build configuration list for PBXNativeTarget "DokuPaySdkTests" */;
			buildPhases = (
				C3366E9424938F6E0040C86C /* Sources */,
				C3366E9524938F6E0040C86C /* Frameworks */,
				C3366E9624938F6E0040C86C /* Resources */,
			);
			buildRules = (
			);
			dependencies = (
				C3366E9B24938F6E0040C86C /* PBXTargetDependency */,
			);
			name = DokuPaySdkTests;
			productName = DokuPaySdkTests;
			productReference = C3366E9824938F6E0040C86C /* DokuPaySdkTests.xctest */;
			productType = "com.apple.product-type.bundle.unit-test";
		};
/* End PBXNativeTarget section */

/* Begin PBXProject section */
		C3366E8624938F6E0040C86C /* Project object */ = {
			isa = PBXProject;
			attributes = {
				LastUpgradeCheck = 1140;
				ORGANIZATIONNAME = Doku;
				TargetAttributes = {
					C3366E8E24938F6E0040C86C = {
						CreatedOnToolsVersion = 11.4.1;
					};
					C3366E9724938F6E0040C86C = {
						CreatedOnToolsVersion = 11.4.1;
					};
				};
			};
			buildConfigurationList = C3366E8924938F6E0040C86C /* Build configuration list for PBXProject "DokuPaySdk" */;
			compatibilityVersion = "Xcode 9.3";
			developmentRegion = en;
			hasScannedForEncodings = 0;
			knownRegions = (
				en,
				Base,
			);
			mainGroup = C3366E8524938F6E0040C86C;
			productRefGroup = C3366E9024938F6E0040C86C /* Products */;
			projectDirPath = "";
			projectRoot = "";
			targets = (
				C3366E8E24938F6E0040C86C /* DokuPaySdk */,
				C3366E9724938F6E0040C86C /* DokuPaySdkTests */,
			);
		};
/* End PBXProject section */

/* Begin PBXResourcesBuildPhase section */
		C3366E8D24938F6E0040C86C /* Resources */ = {
			isa = PBXResourcesBuildPhase;
			buildActionMask = 2147483647;
			files = (
				C384DE962494BE5200EE124F /* MandiriStoryboard.storyboard in Resources */,
				C384DE942494BD9200EE124F /* MandiriSyariahStoryboard.storyboard in Resources */,
			);
			runOnlyForDeploymentPostprocessing = 0;
		};
		C3366E9624938F6E0040C86C /* Resources */ = {
			isa = PBXResourcesBuildPhase;
			buildActionMask = 2147483647;
			files = (
			);
			runOnlyForDeploymentPostprocessing = 0;
		};
/* End PBXResourcesBuildPhase section */

/* Begin PBXSourcesBuildPhase section */
		C3366E8B24938F6E0040C86C /* Sources */ = {
			isa = PBXSourcesBuildPhase;
			buildActionMask = 2147483647;
			files = (
				C3750C742497745400A34F6B /* DokuPaySdk.m in Sources */,
				C384DEA924958D8D00EE124F /* MandiriVaRouter.m in Sources */,
				C3366EF8249390F10040C86C /* MandiriSyariahVaViewController.m in Sources */,
				C3750C6924971B5F00A34F6B /* MandiriSyariahVaPresenter.m in Sources */,
				C384DE9F2494C8FE00EE124F /* MandiriVaPresenter.m in Sources */,
				C3366EF3249390D40040C86C /* MandiriVaViewController.m in Sources */,
				C384DEAD24958F6700EE124F /* MandiriVaInteractor.m in Sources */,
				C3750C6524971B4800A34F6B /* MandiriSyariahVaInteractor.m in Sources */,
				C3750C72249739AE00A34F6B /* MandiriSyariahVaRouter.m in Sources */,
			);
			runOnlyForDeploymentPostprocessing = 0;
		};
		C3366E9424938F6E0040C86C /* Sources */ = {
			isa = PBXSourcesBuildPhase;
			buildActionMask = 2147483647;
			files = (
				C3366E9E24938F6E0040C86C /* DokuPaySdkTests.m in Sources */,
			);
			runOnlyForDeploymentPostprocessing = 0;
		};
/* End PBXSourcesBuildPhase section */

/* Begin PBXTargetDependency section */
		C3366E9B24938F6E0040C86C /* PBXTargetDependency */ = {
			isa = PBXTargetDependency;
			target = C3366E8E24938F6E0040C86C /* DokuPaySdk */;
			targetProxy = C3366E9A24938F6E0040C86C /* PBXContainerItemProxy */;
		};
/* End PBXTargetDependency section */

/* Begin XCBuildConfiguration section */
		C3366EA124938F6E0040C86C /* Debug */ = {
			isa = XCBuildConfiguration;
			buildSettings = {
				ALWAYS_SEARCH_USER_PATHS = NO;
				CLANG_ANALYZER_NONNULL = YES;
				CLANG_ANALYZER_NUMBER_OBJECT_CONVERSION = YES_AGGRESSIVE;
				CLANG_CXX_LANGUAGE_STANDARD = "gnu++14";
				CLANG_CXX_LIBRARY = "libc++";
				CLANG_ENABLE_MODULES = YES;
				CLANG_ENABLE_OBJC_ARC = YES;
				CLANG_ENABLE_OBJC_WEAK = YES;
				CLANG_WARN_BLOCK_CAPTURE_AUTORELEASING = YES;
				CLANG_WARN_BOOL_CONVERSION = YES;
				CLANG_WARN_COMMA = YES;
				CLANG_WARN_CONSTANT_CONVERSION = YES;
				CLANG_WARN_DEPRECATED_OBJC_IMPLEMENTATIONS = YES;
				CLANG_WARN_DIRECT_OBJC_ISA_USAGE = YES_ERROR;
				CLANG_WARN_DOCUMENTATION_COMMENTS = YES;
				CLANG_WARN_EMPTY_BODY = YES;
				CLANG_WARN_ENUM_CONVERSION = YES;
				CLANG_WARN_INFINITE_RECURSION = YES;
				CLANG_WARN_INT_CONVERSION = YES;
				CLANG_WARN_NON_LITERAL_NULL_CONVERSION = YES;
				CLANG_WARN_OBJC_IMPLICIT_RETAIN_SELF = YES;
				CLANG_WARN_OBJC_LITERAL_CONVERSION = YES;
				CLANG_WARN_OBJC_ROOT_CLASS = YES_ERROR;
				CLANG_WARN_RANGE_LOOP_ANALYSIS = YES;
				CLANG_WARN_STRICT_PROTOTYPES = YES;
				CLANG_WARN_SUSPICIOUS_MOVE = YES;
				CLANG_WARN_UNGUARDED_AVAILABILITY = YES_AGGRESSIVE;
				CLANG_WARN_UNREACHABLE_CODE = YES;
				CLANG_WARN__DUPLICATE_METHOD_MATCH = YES;
				COPY_PHASE_STRIP = NO;
				CURRENT_PROJECT_VERSION = 1;
				DEBUG_INFORMATION_FORMAT = dwarf;
				ENABLE_STRICT_OBJC_MSGSEND = YES;
				ENABLE_TESTABILITY = YES;
				GCC_C_LANGUAGE_STANDARD = gnu11;
				GCC_DYNAMIC_NO_PIC = NO;
				GCC_NO_COMMON_BLOCKS = YES;
				GCC_OPTIMIZATION_LEVEL = 0;
				GCC_PREPROCESSOR_DEFINITIONS = (
					"DEBUG=1",
					"$(inherited)",
				);
				GCC_WARN_64_TO_32_BIT_CONVERSION = YES;
				GCC_WARN_ABOUT_RETURN_TYPE = YES_ERROR;
				GCC_WARN_UNDECLARED_SELECTOR = YES;
				GCC_WARN_UNINITIALIZED_AUTOS = YES_AGGRESSIVE;
				GCC_WARN_UNUSED_FUNCTION = YES;
				GCC_WARN_UNUSED_VARIABLE = YES;
				IPHONEOS_DEPLOYMENT_TARGET = 13.4;
				MTL_ENABLE_DEBUG_INFO = INCLUDE_SOURCE;
				MTL_FAST_MATH = YES;
				ONLY_ACTIVE_ARCH = YES;
				SDKROOT = iphoneos;
				VERSIONING_SYSTEM = "apple-generic";
				VERSION_INFO_PREFIX = "";
			};
			name = Debug;
		};
		C3366EA224938F6E0040C86C /* Release */ = {
			isa = XCBuildConfiguration;
			buildSettings = {
				ALWAYS_SEARCH_USER_PATHS = NO;
				CLANG_ANALYZER_NONNULL = YES;
				CLANG_ANALYZER_NUMBER_OBJECT_CONVERSION = YES_AGGRESSIVE;
				CLANG_CXX_LANGUAGE_STANDARD = "gnu++14";
				CLANG_CXX_LIBRARY = "libc++";
				CLANG_ENABLE_MODULES = YES;
				CLANG_ENABLE_OBJC_ARC = YES;
				CLANG_ENABLE_OBJC_WEAK = YES;
				CLANG_WARN_BLOCK_CAPTURE_AUTORELEASING = YES;
				CLANG_WARN_BOOL_CONVERSION = YES;
				CLANG_WARN_COMMA = YES;
				CLANG_WARN_CONSTANT_CONVERSION = YES;
				CLANG_WARN_DEPRECATED_OBJC_IMPLEMENTATIONS = YES;
				CLANG_WARN_DIRECT_OBJC_ISA_USAGE = YES_ERROR;
				CLANG_WARN_DOCUMENTATION_COMMENTS = YES;
				CLANG_WARN_EMPTY_BODY = YES;
				CLANG_WARN_ENUM_CONVERSION = YES;
				CLANG_WARN_INFINITE_RECURSION = YES;
				CLANG_WARN_INT_CONVERSION = YES;
				CLANG_WARN_NON_LITERAL_NULL_CONVERSION = YES;
				CLANG_WARN_OBJC_IMPLICIT_RETAIN_SELF = YES;
				CLANG_WARN_OBJC_LITERAL_CONVERSION = YES;
				CLANG_WARN_OBJC_ROOT_CLASS = YES_ERROR;
				CLANG_WARN_RANGE_LOOP_ANALYSIS = YES;
				CLANG_WARN_STRICT_PROTOTYPES = YES;
				CLANG_WARN_SUSPICIOUS_MOVE = YES;
				CLANG_WARN_UNGUARDED_AVAILABILITY = YES_AGGRESSIVE;
				CLANG_WARN_UNREACHABLE_CODE = YES;
				CLANG_WARN__DUPLICATE_METHOD_MATCH = YES;
				COPY_PHASE_STRIP = NO;
				CURRENT_PROJECT_VERSION = 1;
				DEBUG_INFORMATION_FORMAT = "dwarf-with-dsym";
				ENABLE_NS_ASSERTIONS = NO;
				ENABLE_STRICT_OBJC_MSGSEND = YES;
				GCC_C_LANGUAGE_STANDARD = gnu11;
				GCC_NO_COMMON_BLOCKS = YES;
				GCC_WARN_64_TO_32_BIT_CONVERSION = YES;
				GCC_WARN_ABOUT_RETURN_TYPE = YES_ERROR;
				GCC_WARN_UNDECLARED_SELECTOR = YES;
				GCC_WARN_UNINITIALIZED_AUTOS = YES_AGGRESSIVE;
				GCC_WARN_UNUSED_FUNCTION = YES;
				GCC_WARN_UNUSED_VARIABLE = YES;
				IPHONEOS_DEPLOYMENT_TARGET = 13.4;
				MTL_ENABLE_DEBUG_INFO = NO;
				MTL_FAST_MATH = YES;
				SDKROOT = iphoneos;
				VALIDATE_PRODUCT = YES;
				VERSIONING_SYSTEM = "apple-generic";
				VERSION_INFO_PREFIX = "";
			};
			name = Release;
		};
		C3366EA424938F6E0040C86C /* Debug */ = {
			isa = XCBuildConfiguration;
			buildSettings = {
				CODE_SIGN_STYLE = Automatic;
				DEFINES_MODULE = YES;
				DYLIB_COMPATIBILITY_VERSION = 1;
				DYLIB_CURRENT_VERSION = 1;
				DYLIB_INSTALL_NAME_BASE = "@rpath";
				INFOPLIST_FILE = DokuPaySdk/Info.plist;
				INSTALL_PATH = "$(LOCAL_LIBRARY_DIR)/Frameworks";
				LD_RUNPATH_SEARCH_PATHS = (
					"$(inherited)",
					"@executable_path/Frameworks",
					"@loader_path/Frameworks",
				);
				PRODUCT_BUNDLE_IDENTIFIER = com.doku.DokuPaySdk;
				PRODUCT_NAME = "$(TARGET_NAME:c99extidentifier)";
				SKIP_INSTALL = YES;
				TARGETED_DEVICE_FAMILY = "1,2";
			};
			name = Debug;
		};
		C3366EA524938F6E0040C86C /* Release */ = {
			isa = XCBuildConfiguration;
			buildSettings = {
				CODE_SIGN_STYLE = Automatic;
				DEFINES_MODULE = YES;
				DYLIB_COMPATIBILITY_VERSION = 1;
				DYLIB_CURRENT_VERSION = 1;
				DYLIB_INSTALL_NAME_BASE = "@rpath";
				INFOPLIST_FILE = DokuPaySdk/Info.plist;
				INSTALL_PATH = "$(LOCAL_LIBRARY_DIR)/Frameworks";
				LD_RUNPATH_SEARCH_PATHS = (
					"$(inherited)",
					"@executable_path/Frameworks",
					"@loader_path/Frameworks",
				);
				PRODUCT_BUNDLE_IDENTIFIER = com.doku.DokuPaySdk;
				PRODUCT_NAME = "$(TARGET_NAME:c99extidentifier)";
				SKIP_INSTALL = YES;
				TARGETED_DEVICE_FAMILY = "1,2";
			};
			name = Release;
		};
		C3366EA724938F6E0040C86C /* Debug */ = {
			isa = XCBuildConfiguration;
			buildSettings = {
				CODE_SIGN_STYLE = Automatic;
				INFOPLIST_FILE = DokuPaySdkTests/Info.plist;
				LD_RUNPATH_SEARCH_PATHS = (
					"$(inherited)",
					"@executable_path/Frameworks",
					"@loader_path/Frameworks",
				);
				PRODUCT_BUNDLE_IDENTIFIER = com.doku.DokuPaySdkTests;
				PRODUCT_NAME = "$(TARGET_NAME)";
				TARGETED_DEVICE_FAMILY = "1,2";
			};
			name = Debug;
		};
		C3366EA824938F6E0040C86C /* Release */ = {
			isa = XCBuildConfiguration;
			buildSettings = {
				CODE_SIGN_STYLE = Automatic;
				INFOPLIST_FILE = DokuPaySdkTests/Info.plist;
				LD_RUNPATH_SEARCH_PATHS = (
					"$(inherited)",
					"@executable_path/Frameworks",
					"@loader_path/Frameworks",
				);
				PRODUCT_BUNDLE_IDENTIFIER = com.doku.DokuPaySdkTests;
				PRODUCT_NAME = "$(TARGET_NAME)";
				TARGETED_DEVICE_FAMILY = "1,2";
			};
			name = Release;
		};
/* End XCBuildConfiguration section */

/* Begin XCConfigurationList section */
		C3366E8924938F6E0040C86C /* Build configuration list for PBXProject "DokuPaySdk" */ = {
			isa = XCConfigurationList;
			buildConfigurations = (
				C3366EA124938F6E0040C86C /* Debug */,
				C3366EA224938F6E0040C86C /* Release */,
			);
			defaultConfigurationIsVisible = 0;
			defaultConfigurationName = Release;
		};
		C3366EA324938F6E0040C86C /* Build configuration list for PBXNativeTarget "DokuPaySdk" */ = {
			isa = XCConfigurationList;
			buildConfigurations = (
				C3366EA424938F6E0040C86C /* Debug */,
				C3366EA524938F6E0040C86C /* Release */,
			);
			defaultConfigurationIsVisible = 0;
			defaultConfigurationName = Release;
		};
		C3366EA624938F6E0040C86C /* Build configuration list for PBXNativeTarget "DokuPaySdkTests" */ = {
			isa = XCConfigurationList;
			buildConfigurations = (
				C3366EA724938F6E0040C86C /* Debug */,
				C3366EA824938F6E0040C86C /* Release */,
			);
			defaultConfigurationIsVisible = 0;
			defaultConfigurationName = Release;
		};
/* End XCConfigurationList section */
	};
	rootObject = C3366E8624938F6E0040C86C /* Project object */;
}
